{
  "nodes": {
    "crane": {
      "inputs": {
        "nixpkgs": [
          "nixpkgs"
        ]
      },
      "locked": {
        "lastModified": 1712513517,
        "narHash": "sha256-VuLm5tTMqfS82NZAsNfsW7U+pTZ1+GcOU7gYR/Fb1Z4=",
        "rev": "9caad1eb0c69a13ee6467035353b71a76c85ea53",
        "revCount": 540,
        "type": "tarball",
        "url": "https://api.flakehub.com/f/pinned/ipetkov/crane/0.16.4/018eb9c4-47d3-7d6b-9a55-1e0f89eabf96/source.tar.gz"
      },
      "original": {
        "type": "tarball",
        "url": "https://flakehub.com/f/ipetkov/crane/0.16.3.tar.gz"
      }
    },
    "flake-compat": {
      "locked": {
        "lastModified": 1696426674,
        "narHash": "sha256-kvjfFW7WAETZlt09AgDn1MrtKzP7t90Vf7vypd3OL1U=",
        "rev": "0f9255e01c2351cc7d116c072cb317785dd33b33",
        "revCount": 57,
        "type": "tarball",
        "url": "https://api.flakehub.com/f/pinned/edolstra/flake-compat/1.0.1/018afb31-abd1-7bff-a5e4-cff7e18efb7a/source.tar.gz"
      },
      "original": {
        "type": "tarball",
        "url": "https://flakehub.com/f/edolstra/flake-compat/1.0.1.tar.gz"
      }
    },
    "flake-compat_2": {
      "flake": false,
      "locked": {
        "lastModified": 1673956053,
        "narHash": "sha256-4gtG9iQuiKITOjNQQeQIpoIB6b16fm+504Ch3sNKLd8=",
        "owner": "edolstra",
        "repo": "flake-compat",
        "rev": "35bb57c0c8d8b62bbfd284272c928ceb64ddbde9",
        "type": "github"
      },
      "original": {
        "owner": "edolstra",
        "repo": "flake-compat",
        "type": "github"
      }
    },
    "flake-utils": {
      "inputs": {
        "systems": "systems"
      },
      "locked": {
        "lastModified": 1705309234,
        "narHash": "sha256-uNRRNRKmJyCRC/8y1RqBkqWBLM034y4qN7EprSdmgyA=",
        "owner": "numtide",
        "repo": "flake-utils",
        "rev": "1ef2e671c3b0c19053962c07dbda38332dcebf26",
        "type": "github"
      },
      "original": {
        "owner": "numtide",
        "repo": "flake-utils",
        "type": "github"
      }
    },
    "libgit2": {
      "flake": false,
      "locked": {
        "lastModified": 1697646580,
        "narHash": "sha256-oX4Z3S9WtJlwvj0uH9HlYcWv+x1hqp8mhXl7HsLu2f0=",
        "owner": "libgit2",
        "repo": "libgit2",
        "rev": "45fd9ed7ae1a9b74b957ef4f337bc3c8b3df01b5",
        "type": "github"
      },
      "original": {
        "owner": "libgit2",
        "repo": "libgit2",
        "type": "github"
      }
    },
    "nix": {
      "inputs": {
        "flake-compat": "flake-compat_2",
        "libgit2": "libgit2",
        "nixpkgs": "nixpkgs",
        "nixpkgs-regression": "nixpkgs-regression"
      },
      "locked": {
        "lastModified": 1712161137,
        "narHash": "sha256-ObaVDDPtnOeIE0t7m4OVk5G+OS6d9qYh+ktK67Fe/zE=",
        "rev": "355cbc482f33f5b07a6bc0d72be862b1ccdb99dd",
        "revCount": 16488,
        "type": "tarball",
        "url": "https://api.flakehub.com/f/pinned/NixOS/nix/2.21.2/018eaedc-df49-7da8-8007-06186938ee08/source.tar.gz"
      },
      "original": {
        "type": "tarball",
        "url": "https://flakehub.com/f/NixOS/nix/2.20.tar.gz"
      }
    },
    "nixpkgs": {
      "locked": {
        "lastModified": 1709083642,
        "narHash": "sha256-7kkJQd4rZ+vFrzWu8sTRtta5D1kBG0LSRYAfhtmMlSo=",
        "owner": "NixOS",
        "repo": "nixpkgs",
        "rev": "b550fe4b4776908ac2a861124307045f8e717c8e",
        "type": "github"
      },
      "original": {
        "owner": "NixOS",
        "ref": "release-23.11",
        "repo": "nixpkgs",
        "type": "github"
      }
    },
    "nixpkgs-regression": {
      "locked": {
        "lastModified": 1643052045,
        "narHash": "sha256-uGJ0VXIhWKGXxkeNnq4TvV3CIOkUJ3PAoLZ3HMzNVMw=",
        "owner": "NixOS",
        "repo": "nixpkgs",
        "rev": "215d4d0fd80ca5163643b03a33fde804a29cc1e2",
        "type": "github"
      },
      "original": {
        "owner": "NixOS",
        "repo": "nixpkgs",
        "rev": "215d4d0fd80ca5163643b03a33fde804a29cc1e2",
        "type": "github"
      }
    },
    "nixpkgs_2": {
      "locked": {
        "lastModified": 1712741485,
        "narHash": "sha256-bCs0+MSTra80oXAsnM6Oq62WsirOIaijQ/BbUY59tR4=",
        "rev": "b2cf36f43f9ef2ded5711b30b1f393ac423d8f72",
        "revCount": 557569,
        "type": "tarball",
        "url": "https://api.flakehub.com/f/pinned/NixOS/nixpkgs/0.2311.557569%2Brev-b2cf36f43f9ef2ded5711b30b1f393ac423d8f72/018ecd51-c03f-7d2a-bebd-f502b3202a37/source.tar.gz"
      },
      "original": {
        "type": "tarball",
        "url": "https://flakehub.com/f/NixOS/nixpkgs/0.2311.tar.gz"
      }
    },
    "root": {
      "inputs": {
        "crane": "crane",
        "flake-compat": "flake-compat",
        "nix": "nix",
        "nixpkgs": "nixpkgs_2",
        "rust-overlay": "rust-overlay"
      }
    },
    "rust-overlay": {
      "inputs": {
        "flake-utils": "flake-utils",
        "nixpkgs": [
          "nixpkgs"
        ]
      },
      "locked": {
        "lastModified": 1712888034,
        "narHash": "sha256-SmBeT3oxdwOzheSfxZmk+3xmv98Z3zlzjlnl9nBdOIE=",
        "owner": "oxalica",
        "repo": "rust-overlay",
        "rev": "96fbdc73dec8eaa5a9d4a9b307b75c9a856e5dec",
        "type": "github"
      },
      "original": {
        "owner": "oxalica",
        "repo": "rust-overlay",
        "type": "github"
      }
    },
    "systems": {
      "locked": {
        "lastModified": 1681028828,
        "narHash": "sha256-Vy1rq5AaRuLzOxct8nz4T6wlgyUR7zLU309k9mBC768=",
        "owner": "nix-systems",
        "repo": "default",
        "rev": "da67096a3b9bf56a91d16901293e51ba5b49a27e",
        "type": "github"
      },
      "original": {
        "owner": "nix-systems",
        "repo": "default",
        "type": "github"
      }
    }
  },
  "root": "root",
  "version": 7
}
