name: update-flake-lock

on:
  workflow_dispatch: # enable manual triggering
  schedule:
    - cron: "0 0 * * 0" # every Sunday at midnight

jobs:
  lockfile:
    runs-on: ubuntu-latest
    permissions:
      contents: write
      id-token: write
    steps:
      - uses: actions/checkout@v5
      - uses: DeterminateSystems/determinate-nix-action@v3
      - uses: DeterminateSystems/flakehub-cache-action@main
      - uses: DeterminateSystems/update-flake-lock@main
        with:
          pr-title: Update flake.lock
          pr-labels: |
            dependencies
            automated
